
Microsoft Visual Studio Solution File, Format Version 12.00
# Visual Studio Version 17
VisualStudioVersion = 17.2.32505.173
MinimumVisualStudioVersion = 10.0.40219.1
Project("{9A19103F-16F7-4668-BE54-9A1E7A4F7556}") = "DotnetELK", "DotnetELK.csproj", "{ED6F7BCA-167D-49B5-ABAB-12CF4331DE7B}"
EndProject
Project("{FAE04EC0-301F-11D3-BF4B-00C04F79EFBC}") = "myDummyGrpcService", "..\myDummyGrpcService\myDummyGrpcService.csproj", "{5A505B3E-99DC-49D5-B1C8-D4A64D6162E9}"
EndProject
Project("{FAE04EC0-301F-11D3-BF4B-00C04F79EFBC}") = "RunGrpc", "..\RunGrpc\RunGrpc.csproj", "{8C8EF909-F568-4091-BFA4-8B988E7FD332}"
EndProject
Global
	GlobalSection(SolutionConfigurationPlatforms) = preSolution
		Debug|Any CPU = Debug|Any CPU
		Release|Any CPU = Release|Any CPU
	EndGlobalSection
	GlobalSection(ProjectConfigurationPlatforms) = postSolution
		{ED6F7BCA-167D-49B5-ABAB-12CF4331DE7B}.Debug|Any CPU.ActiveCfg = Debug|Any CPU
		{ED6F7BCA-167D-49B5-ABAB-12CF4331DE7B}.Debug|Any CPU.Build.0 = Debug|Any CPU
		{ED6F7BCA-167D-49B5-ABAB-12CF4331DE7B}.Release|Any CPU.ActiveCfg = Release|Any CPU
		{ED6F7BCA-167D-49B5-ABAB-12CF4331DE7B}.Release|Any CPU.Build.0 = Release|Any CPU
		{5A505B3E-99DC-49D5-B1C8-D4A64D6162E9}.Debug|Any CPU.ActiveCfg = Debug|Any CPU
		{5A505B3E-99DC-49D5-B1C8-D4A64D6162E9}.Debug|Any CPU.Build.0 = Debug|Any CPU
		{5A505B3E-99DC-49D5-B1C8-D4A64D6162E9}.Release|Any CPU.ActiveCfg = Release|Any CPU
		{5A505B3E-99DC-49D5-B1C8-D4A64D6162E9}.Release|Any CPU.Build.0 = Release|Any CPU
		{8C8EF909-F568-4091-BFA4-8B988E7FD332}.Debug|Any CPU.ActiveCfg = Debug|Any CPU
		{8C8EF909-F568-4091-BFA4-8B988E7FD332}.Debug|Any CPU.Build.0 = Debug|Any CPU
		{8C8EF909-F568-4091-BFA4-8B988E7FD332}.Release|Any CPU.ActiveCfg = Release|Any CPU
		{8C8EF909-F568-4091-BFA4-8B988E7FD332}.Release|Any CPU.Build.0 = Release|Any CPU
	EndGlobalSection
	GlobalSection(SolutionProperties) = preSolution
		HideSolutionNode = FALSE
	EndGlobalSection
	GlobalSection(ExtensibilityGlobals) = postSolution
		SolutionGuid = {ABCEA310-6FB1-4213-A86E-68D5C1CEA303}
	EndGlobalSection
EndGlobal
